{
  "name": "davinci-epdx",
  "lockfileVersion": 2,
  "requires": true,
  "packages": {
    "": {
      "dependencies": {
        "hl7.fhir.us.davinci-hrex": "^1.0.0"
      }
    },
    "node_modules/hl7.fhir.us.davinci-hrex": {
      "version": "1.0.0",
      "resolved": "https://packages.simplifier.net/hl7.fhir.us.davinci-hrex/1.0.0",
      "integrity": "sha1-M+FHylpToBmqJGXskSjnVOcIZFw="
    }
  },
  "dependencies": {
    "hl7.fhir.us.davinci-hrex": {
      "version": "1.0.0",
      "resolved": "https://packages.simplifier.net/hl7.fhir.us.davinci-hrex/1.0.0",
      "integrity": "sha1-M+FHylpToBmqJGXskSjnVOcIZFw="
    }
  }
}
